// !$*UTF8*$!
{
	archiveVersion = 1;
	classes = {
	};
	objectVersion = 48;
	objects = {

/* Begin PBXBuildFile section */
		43ADF75120D9A11700F49892 /* AppDelegate.swift in Sources */ = {isa = PBXBuildFile; fileRef = 43ADF75020D9A11700F49892 /* AppDelegate.swift */; };
		43ADF75320D9A11700F49892 /* ViewController.swift in Sources */ = {isa = PBXBuildFile; fileRef = 43ADF75220D9A11700F49892 /* ViewController.swift */; };
		43ADF75620D9A11700F49892 /* Main.storyboard in Resources */ = {isa = PBXBuildFile; fileRef = 43ADF75420D9A11700F49892 /* Main.storyboard */; };
		43ADF75820D9A11700F49892 /* Assets.xcassets in Resources */ = {isa = PBXBuildFile; fileRef = 43ADF75720D9A11700F49892 /* Assets.xcassets */; };
		43ADF75B20D9A11700F49892 /* LaunchScreen.storyboard in Resources */ = {isa = PBXBuildFile; fileRef = 43ADF75920D9A11700F49892 /* LaunchScreen.storyboard */; };
		43ADF76320D9AC7900F49892 /* PokemonData.swift in Sources */ = {isa = PBXBuildFile; fileRef = 43ADF76220D9AC7900F49892 /* PokemonData.swift */; };
/* End PBXBuildFile section */

/* Begin PBXFileReference section */
		43ADF74D20D9A11700F49892 /* Pokescann.app */ = {isa = PBXFileReference; explicitFileType = wrapper.application; includeInIndex = 0; path = Pokescann.app; sourceTree = BUILT_PRODUCTS_DIR; };
		43ADF75020D9A11700F49892 /* AppDelegate.swift */ = {isa = PBXFileReference; lastKnownFileType = sourcecode.swift; path = AppDelegate.swift; sourceTree = "<group>"; };
		43ADF75220D9A11700F49892 /* ViewController.swift */ = {isa = PBXFileReference; lastKnownFileType = sourcecode.swift; path = ViewController.swift; sourceTree = "<group>"; };
		43ADF75520D9A11700F49892 /* Base */ = {isa = PBXFileReference; lastKnownFileType = file.storyboard; name = Base; path = Base.lproj/Main.storyboard; sourceTree = "<group>"; };
		43ADF75720D9A11700F49892 /* Assets.xcassets */ = {isa = PBXFileReference; lastKnownFileType = folder.assetcatalog; path = Assets.xcassets; sourceTree = "<group>"; };
		43ADF75A20D9A11700F49892 /* Base */ = {isa = PBXFileReference; lastKnownFileType = file.storyboard; name = Base; path = Base.lproj/LaunchScreen.storyboard; sourceTree = "<group>"; };
		43ADF75C20D9A11700F49892 /* Info.plist */ = {isa = PBXFileReference; lastKnownFileType = text.plist.xml; path = Info.plist; sourceTree = "<group>"; };
		43ADF76220D9AC7900F49892 /* PokemonData.swift */ = {isa = PBXFileReference; lastKnownFileType = sourcecode.swift; path = PokemonData.swift; sourceTree = "<group>"; };
/* End PBXFileReference section */

/* Begin PBXFrameworksBuildPhase section */
		43ADF74A20D9A11700F49892 /* Frameworks */ = {
			isa = PBXFrameworksBuildPhase;
			buildActionMask = 2147483647;
			files = (
			);
			runOnlyForDeploymentPostprocessing = 0;
		};
/* End PBXFrameworksBuildPhase section */

/* Begin PBXGroup section */
		43ADF74420D9A11700F49892 = {
			isa = PBXGroup;
			children = (
				43ADF74F20D9A11700F49892 /* Pokescann */,
				43ADF74E20D9A11700F49892 /* Products */,
			);
			sourceTree = "<group>";
		};
		43ADF74E20D9A11700F49892 /* Products */ = {
			isa = PBXGroup;
			children = (
				43ADF74D20D9A11700F49892 /* Pokescann.app */,
			);
			name = Products;
			sourceTree = "<group>";
		};
		43ADF74F20D9A11700F49892 /* Pokescann */ = {
			isa = PBXGroup;
			children = (
				43ADF75020D9A11700F49892 /* AppDelegate.swift */,
				43ADF76220D9AC7900F49892 /* PokemonData.swift */,
				43ADF75220D9A11700F49892 /* ViewController.swift */,
				43ADF75420D9A11700F49892 /* Main.storyboard */,
				43ADF75720D9A11700F49892 /* Assets.xcassets */,
				43ADF75920D9A11700F49892 /* LaunchScreen.storyboard */,
				43ADF75C20D9A11700F49892 /* Info.plist */,
			);
			path = Pokescann;
			sourceTree = "<group>";
		};
/* End PBXGroup section */

/* Begin PBXNativeTarget section */
		43ADF74C20D9A11700F49892 /* Pokescann */ = {
			isa = PBXNativeTarget;
			buildConfigurationList = 43ADF75F20D9A11700F49892 /* Build configuration list for PBXNativeTarget "Pokescann" */;
			buildPhases = (
				43ADF74920D9A11700F49892 /* Sources */,
				43ADF74A20D9A11700F49892 /* Frameworks */,
				43ADF74B20D9A11700F49892 /* Resources */,
			);
			buildRules = (
			);
			dependencies = (
			);
			name = Pokescann;
			productName = Pokescann;
			productReference = 43ADF74D20D9A11700F49892 /* Pokescann.app */;
			productType = "com.apple.product-type.application";
		};
/* End PBXNativeTarget section */

/* Begin PBXProject section */
		43ADF74520D9A11700F49892 /* Project object */ = {
			isa = PBXProject;
			attributes = {
				LastSwiftUpdateCheck = 0920;
				LastUpgradeCheck = 0920;
				ORGANIZATIONNAME = DaniApps;
				TargetAttributes = {
					43ADF74C20D9A11700F49892 = {
						CreatedOnToolsVersion = 9.2;
						ProvisioningStyle = Automatic;
					};
				};
			};
			buildConfigurationList = 43ADF74820D9A11700F49892 /* Build configuration list for PBXProject "Pokescann" */;
			compatibilityVersion = "Xcode 8.0";
			developmentRegion = en;
			hasScannedForEncodings = 0;
			knownRegions = (
				en,
				Base,
			);
			mainGroup = 43ADF74420D9A11700F49892;
			productRefGroup = 43ADF74E20D9A11700F49892 /* Products */;
			projectDirPath = "";
			projectRoot = "";
			targets = (
				43ADF74C20D9A11700F49892 /* Pokescann */,
			);
		};
/* End PBXProject section */

/* Begin PBXResourcesBuildPhase section */
		43ADF74B20D9A11700F49892 /* Resources */ = {
			isa = PBXResourcesBuildPhase;
			buildActionMask = 2147483647;
			files = (
				43ADF75B20D9A11700F49892 /* LaunchScreen.storyboard in Resources */,
				43ADF75820D9A11700F49892 /* Assets.xcassets in Resources */,
				43ADF75620D9A11700F49892 /* Main.storyboard in Resources */,
			);
			runOnlyForDeploymentPostprocessing = 0;
		};
/* End PBXResourcesBuildPhase section */

/* Begin PBXSourcesBuildPhase section */
		43ADF74920D9A11700F49892 /* Sources */ = {
			isa = PBXSourcesBuildPhase;
			buildActionMask = 2147483647;
			files = (
				43ADF75320D9A11700F49892 /* ViewController.swift in Sources */,
				43ADF76320D9AC7900F49892 /* PokemonData.swift in Sources */,
				43ADF75120D9A11700F49892 /* AppDelegate.swift in Sources */,
			);
			runOnlyForDeploymentPostprocessing = 0;
		};
/* End PBXSourcesBuildPhase section */

/* Begin PBXVariantGroup section */
		43ADF75420D9A11700F49892 /* Main.storyboard */ = {
			isa = PBXVariantGroup;
			children = (
				43ADF75520D9A11700F49892 /* Base */,
			);
			name = Main.storyboard;
			sourceTree = "<group>";
		};
		43ADF75920D9A11700F49892 /* LaunchScreen.storyboard */ = {
			isa = PBXVariantGroup;
			children = (
				43ADF75A20D9A11700F49892 /* Base */,
			);
			name = LaunchScreen.storyboard;
			sourceTree = "<group>";
		};
/* End PBXVariantGroup section */

/* Begin XCBuildConfiguration section */
		43ADF75D20D9A11700F49892 /* Debug */ = {
			isa = XCBuildConfiguration;
			buildSettings = {
				ALWAYS_SEARCH_USER_PATHS = NO;
				CLANG_ANALYZER_NONNULL = YES;
				CLANG_ANALYZER_NUMBER_OBJECT_CONVERSION = YES_AGGRESSIVE;
				CLANG_CXX_LANGUAGE_STANDARD = "gnu++14";
				CLANG_CXX_LIBRARY = "libc++";
				CLANG_ENABLE_MODULES = YES;
				CLANG_ENABLE_OBJC_ARC = YES;
				CLANG_WARN_BLOCK_CAPTURE_AUTORELEASING = YES;
				CLANG_WARN_BOOL_CONVERSION = YES;
				CLANG_WARN_COMMA = YES;
				CLANG_WARN_CONSTANT_CONVERSION = YES;
				CLANG_WARN_DIRECT_OBJC_ISA_USAGE = YES_ERROR;
				CLANG_WARN_DOCUMENTATION_COMMENTS = YES;
				CLANG_WARN_EMPTY_BODY = YES;
				CLANG_WARN_ENUM_CONVERSION = YES;
				CLANG_WARN_INFINITE_RECURSION = YES;
				CLANG_WARN_INT_CONVERSION = YES;
				CLANG_WARN_NON_LITERAL_NULL_CONVERSION = YES;
				CLANG_WARN_OBJC_LITERAL_CONVERSION = YES;
				CLANG_WARN_OBJC_ROOT_CLASS = YES_ERROR;
				CLANG_WARN_RANGE_LOOP_ANALYSIS = YES;
				CLANG_WARN_STRICT_PROTOTYPES = YES;
				CLANG_WARN_SUSPICIOUS_MOVE = YES;
				CLANG_WARN_UNGUARDED_AVAILABILITY = YES_AGGRESSIVE;
				CLANG_WARN_UNREACHABLE_CODE = YES;
				CLANG_WARN__DUPLICATE_METHOD_MATCH = YES;
				CODE_SIGN_IDENTITY = "iPhone Developer";
				COPY_PHASE_STRIP = NO;
				DEBUG_INFORMATION_FORMAT = dwarf;
				ENABLE_STRICT_OBJC_MSGSEND = YES;
				ENABLE_TESTABILITY = YES;
				GCC_C_LANGUAGE_STANDARD = gnu11;
				GCC_DYNAMIC_NO_PIC = NO;
				GCC_NO_COMMON_BLOCKS = YES;
				GCC_OPTIMIZATION_LEVEL = 0;
				GCC_PREPROCESSOR_DEFINITIONS = (
					"DEBUG=1",
					"$(inherited)",
				);
				GCC_WARN_64_TO_32_BIT_CONVERSION = YES;
				GCC_WARN_ABOUT_RETURN_TYPE = YES_ERROR;
				GCC_WARN_UNDECLARED_SELECTOR = YES;
				GCC_WARN_UNINITIALIZED_AUTOS = YES_AGGRESSIVE;
				GCC_WARN_UNUSED_FUNCTION = YES;
				GCC_WARN_UNUSED_VARIABLE = YES;
				IPHONEOS_DEPLOYMENT_TARGET = 11.2;
				MTL_ENABLE_DEBUG_INFO = YES;
				ONLY_ACTIVE_ARCH = YES;
				SDKROOT = iphoneos;
				SWIFT_ACTIVE_COMPILATION_CONDITIONS = DEBUG;
				SWIFT_OPTIMIZATION_LEVEL = "-Onone";
			};
			name = Debug;
		};
		43ADF75E20D9A11700F49892 /* Release */ = {
			isa = XCBuildConfiguration;
			buildSettings = {
				ALWAYS_SEARCH_USER_PATHS = NO;
				CLANG_ANALYZER_NONNULL = YES;
				CLANG_ANALYZER_NUMBER_OBJECT_CONVERSION = YES_AGGRESSIVE;
				CLANG_CXX_LANGUAGE_STANDARD = "gnu++14";
				CLANG_CXX_LIBRARY = "libc++";
				CLANG_ENABLE_MODULES = YES;
				CLANG_ENABLE_OBJC_ARC = YES;
				CLANG_WARN_BLOCK_CAPTURE_AUTORELEASING = YES;
				CLANG_WARN_BOOL_CONVERSION = YES;
				CLANG_WARN_COMMA = YES;
				CLANG_WARN_CONSTANT_CONVERSION = YES;
				CLANG_WARN_DIRECT_OBJC_ISA_USAGE = YES_ERROR;
				CLANG_WARN_DOCUMENTATION_COMMENTS = YES;
				CLANG_WARN_EMPTY_BODY = YES;
				CLANG_WARN_ENUM_CONVERSION = YES;
				CLANG_WARN_INFINITE_RECURSION = YES;
				CLANG_WARN_INT_CONVERSION = YES;
				CLANG_WARN_NON_LITERAL_NULL_CONVERSION = YES;
				CLANG_WARN_OBJC_LITERAL_CONVERSION = YES;
				CLANG_WARN_OBJC_ROOT_CLASS = YES_ERROR;
				CLANG_WARN_RANGE_LOOP_ANALYSIS = YES;
				CLANG_WARN_STRICT_PROTOTYPES = YES;
				CLANG_WARN_SUSPICIOUS_MOVE = YES;
				CLANG_WARN_UNGUARDED_AVAILABILITY = YES_AGGRESSIVE;
				CLANG_WARN_UNREACHABLE_CODE = YES;
				CLANG_WARN__DUPLICATE_METHOD_MATCH = YES;
				CODE_SIGN_IDENTITY = "iPhone Developer";
				COPY_PHASE_STRIP = NO;
				DEBUG_INFORMATION_FORMAT = "dwarf-with-dsym";
				ENABLE_NS_ASSERTIONS = NO;
				ENABLE_STRICT_OBJC_MSGSEND = YES;
				GCC_C_LANGUAGE_STANDARD = gnu11;
				GCC_NO_COMMON_BLOCKS = YES;
				GCC_WARN_64_TO_32_BIT_CONVERSION = YES;
				GCC_WARN_ABOUT_RETURN_TYPE = YES_ERROR;
				GCC_WARN_UNDECLARED_SELECTOR = YES;
				GCC_WARN_UNINITIALIZED_AUTOS = YES_AGGRESSIVE;
				GCC_WARN_UNUSED_FUNCTION = YES;
				GCC_WARN_UNUSED_VARIABLE = YES;
				IPHONEOS_DEPLOYMENT_TARGET = 11.2;
				MTL_ENABLE_DEBUG_INFO = NO;
				SDKROOT = iphoneos;
				SWIFT_OPTIMIZATION_LEVEL = "-Owholemodule";
				VALIDATE_PRODUCT = YES;
			};
			name = Release;
		};
		43ADF76020D9A11700F49892 /* Debug */ = {
			isa = XCBuildConfiguration;
			buildSettings = {
				ASSETCATALOG_COMPILER_APPICON_NAME = AppIcon;
				CODE_SIGN_STYLE = Automatic;
				DEVELOPMENT_TEAM = JD9D5MXFUH;
				INFOPLIST_FILE = Pokescann/Info.plist;
				LD_RUNPATH_SEARCH_PATHS = "$(inherited) @executable_path/Frameworks";
				PRODUCT_BUNDLE_IDENTIFIER = com.DaniApps.Pokescann;
				PRODUCT_NAME = "$(TARGET_NAME)";
				SWIFT_VERSION = 4.0;
				TARGETED_DEVICE_FAMILY = "1,2";
			};
			name = Debug;
		};
		43ADF76120D9A11700F49892 /* Release */ = {
			isa = XCBuildConfiguration;
			buildSettings = {
				ASSETCATALOG_COMPILER_APPICON_NAME = AppIcon;
				CODE_SIGN_STYLE = Automatic;
				DEVELOPMENT_TEAM = JD9D5MXFUH;
				INFOPLIST_FILE = Pokescann/Info.plist;
				LD_RUNPATH_SEARCH_PATHS = "$(inherited) @executable_path/Frameworks";
				PRODUCT_BUNDLE_IDENTIFIER = com.DaniApps.Pokescann;
				PRODUCT_NAME = "$(TARGET_NAME)";
				SWIFT_VERSION = 4.0;
				TARGETED_DEVICE_FAMILY = "1,2";
			};
			name = Release;
		};
/* End XCBuildConfiguration section */

/* Begin XCConfigurationList section */
		43ADF74820D9A11700F49892 /* Build configuration list for PBXProject "Pokescann" */ = {
			isa = XCConfigurationList;
			buildConfigurations = (
				43ADF75D20D9A11700F49892 /* Debug */,
				43ADF75E20D9A11700F49892 /* Release */,
			);
			defaultConfigurationIsVisible = 0;
			defaultConfigurationName = Release;
		};
		43ADF75F20D9A11700F49892 /* Build configuration list for PBXNativeTarget "Pokescann" */ = {
			isa = XCConfigurationList;
			buildConfigurations = (
				43ADF76020D9A11700F49892 /* Debug */,
				43ADF76120D9A11700F49892 /* Release */,
			);
			defaultConfigurationIsVisible = 0;
			defaultConfigurationName = Release;
		};
/* End XCConfigurationList section */
	};
	rootObject = 43ADF74520D9A11700F49892 /* Project object */;
}
